
Microsoft Visual Studio Solution File, Format Version 12.00
# Visual Studio Version 17
VisualStudioVersion = 17.0.32014.148
MinimumVisualStudioVersion = 10.0.40219.1
Project("{2150E333-8FDC-42A3-9474-1A3956D46DE8}") = "src", "src", "{9B2EC093-F78C-490D-A320-8BB26D4D7D13}"
EndProject
Project("{9A19103F-16F7-4668-BE54-9A1E7A4F7556}") = "Day01", "src\Day01\Day01.csproj", "{D7AEAE7D-AAF7-4B95-83CD-B4A1A1E97235}"
EndProject
Project("{9A19103F-16F7-4668-BE54-9A1E7A4F7556}") = "shared", "src\shared\shared.csproj", "{B2767363-5918-43A7-B7F5-CD5F323D25CF}"
EndProject
Project("{2150E333-8FDC-42A3-9474-1A3956D46DE8}") = "test", "test", "{B8027127-9BEE-4E24-866C-117AFB8100A5}"
EndProject
Project("{9A19103F-16F7-4668-BE54-9A1E7A4F7556}") = "Testaoc", "test\Testaoc\Testaoc.csproj", "{2BDCE4BF-2BD0-4871-9CC7-98FC3ACEB8EA}"
EndProject
Project("{FAE04EC0-301F-11D3-BF4B-00C04F79EFBC}") = "Day02", "Day2\Day02.csproj", "{1AA8611C-E4A2-4D39-98FE-E9F31E2B0EBF}"
EndProject
Global
	GlobalSection(SolutionConfigurationPlatforms) = preSolution
		Debug|Any CPU = Debug|Any CPU
		Release|Any CPU = Release|Any CPU
	EndGlobalSection
	GlobalSection(ProjectConfigurationPlatforms) = postSolution
		{D7AEAE7D-AAF7-4B95-83CD-B4A1A1E97235}.Debug|Any CPU.ActiveCfg = Debug|Any CPU
		{D7AEAE7D-AAF7-4B95-83CD-B4A1A1E97235}.Debug|Any CPU.Build.0 = Debug|Any CPU
		{D7AEAE7D-AAF7-4B95-83CD-B4A1A1E97235}.Release|Any CPU.ActiveCfg = Release|Any CPU
		{D7AEAE7D-AAF7-4B95-83CD-B4A1A1E97235}.Release|Any CPU.Build.0 = Release|Any CPU
		{B2767363-5918-43A7-B7F5-CD5F323D25CF}.Debug|Any CPU.ActiveCfg = Debug|Any CPU
		{B2767363-5918-43A7-B7F5-CD5F323D25CF}.Debug|Any CPU.Build.0 = Debug|Any CPU
		{B2767363-5918-43A7-B7F5-CD5F323D25CF}.Release|Any CPU.ActiveCfg = Release|Any CPU
		{B2767363-5918-43A7-B7F5-CD5F323D25CF}.Release|Any CPU.Build.0 = Release|Any CPU
		{2BDCE4BF-2BD0-4871-9CC7-98FC3ACEB8EA}.Debug|Any CPU.ActiveCfg = Debug|Any CPU
		{2BDCE4BF-2BD0-4871-9CC7-98FC3ACEB8EA}.Debug|Any CPU.Build.0 = Debug|Any CPU
		{2BDCE4BF-2BD0-4871-9CC7-98FC3ACEB8EA}.Release|Any CPU.ActiveCfg = Release|Any CPU
		{2BDCE4BF-2BD0-4871-9CC7-98FC3ACEB8EA}.Release|Any CPU.Build.0 = Release|Any CPU
		{1AA8611C-E4A2-4D39-98FE-E9F31E2B0EBF}.Debug|Any CPU.ActiveCfg = Debug|Any CPU
		{1AA8611C-E4A2-4D39-98FE-E9F31E2B0EBF}.Debug|Any CPU.Build.0 = Debug|Any CPU
		{1AA8611C-E4A2-4D39-98FE-E9F31E2B0EBF}.Release|Any CPU.ActiveCfg = Release|Any CPU
		{1AA8611C-E4A2-4D39-98FE-E9F31E2B0EBF}.Release|Any CPU.Build.0 = Release|Any CPU
	EndGlobalSection
	GlobalSection(SolutionProperties) = preSolution
		HideSolutionNode = FALSE
	EndGlobalSection
	GlobalSection(NestedProjects) = preSolution
		{D7AEAE7D-AAF7-4B95-83CD-B4A1A1E97235} = {9B2EC093-F78C-490D-A320-8BB26D4D7D13}
		{B2767363-5918-43A7-B7F5-CD5F323D25CF} = {9B2EC093-F78C-490D-A320-8BB26D4D7D13}
		{2BDCE4BF-2BD0-4871-9CC7-98FC3ACEB8EA} = {B8027127-9BEE-4E24-866C-117AFB8100A5}
		{1AA8611C-E4A2-4D39-98FE-E9F31E2B0EBF} = {9B2EC093-F78C-490D-A320-8BB26D4D7D13}
	EndGlobalSection
	GlobalSection(ExtensibilityGlobals) = postSolution
		SolutionGuid = {30B76D50-BF48-45C3-87E7-0077DF7E796D}
	EndGlobalSection
EndGlobal
